{
  "name": "Social-Media",
  "lockfileVersion": 3,
  "requires": true,
  "packages": {
    "": {
      "dependencies": {
        "timeago-react": "^3.0.7"
      }
    },
    "node_modules/react": {
      "version": "19.2.0",
      "resolved": "https://registry.npmjs.org/react/-/react-19.2.0.tgz",
      "integrity": "sha512-tmbWg6W31tQLeB5cdIBOicJDJRR2KzXsV7uSK9iNfLWQ5bIZfxuPEHp7M8wiHyHnn0DD1i7w3Zmin0FtkrwoCQ==",
      "license": "MIT",
      "peer": true,
      "engines": {
        "node": ">=0.10.0"
      }
    },
    "node_modules/timeago-react": {
      "version": "3.0.7",
      "resolved": "https://registry.npmjs.org/timeago-react/-/timeago-react-3.0.7.tgz",
      "integrity": "sha512-5LSQuq+mzfEpMHkJQgMWnOs27dGh25aUQhffQpAW6q431vVVmHP194KYsM4bhzli0XfohUgN8+r3Pq6GVprN4A==",
      "license": "MIT",
      "dependencies": {
        "timeago.js": "^4.0.0"
      },
      "peerDependencies": {
        "react": "^0.14.0 || ^15.0.0 || ^16.0.0 || ^17.0.0 || ^18.0.0 || ^19.0.0"
      }
    },
    "node_modules/timeago.js": {
      "version": "4.0.2",
      "resolved": "https://registry.npmjs.org/timeago.js/-/timeago.js-4.0.2.tgz",
      "integrity": "sha512-a7wPxPdVlQL7lqvitHGGRsofhdwtkoSXPGATFuSOA2i1ZNQEPLrGnj68vOp2sOJTCFAQVXPeNMX/GctBaO9L2w==",
      "license": "MIT"
    }
  }
}
